// !$*UTF8*$!
{
	archiveVersion = 1;
	classes = {
	};
	objectVersion = 50;
	objects = {

/* Begin PBXBuildFile section */
		1D6FD5F0212607A5005D0ADF /* AppDelegate.swift in Sources */ = {isa = PBXBuildFile; fileRef = 1D6FD5EF212607A5005D0ADF /* AppDelegate.swift */; };
		1D6FD5F2212607A5005D0ADF /* ViewController.swift in Sources */ = {isa = PBXBuildFile; fileRef = 1D6FD5F1212607A5005D0ADF /* ViewController.swift */; };
		1D6FD5F5212607A5005D0ADF /* Main.storyboard in Resources */ = {isa = PBXBuildFile; fileRef = 1D6FD5F3212607A5005D0ADF /* Main.storyboard */; };
		1D6FD5F7212607A7005D0ADF /* Assets.xcassets in Resources */ = {isa = PBXBuildFile; fileRef = 1D6FD5F6212607A7005D0ADF /* Assets.xcassets */; };
		1D6FD5FA212607A7005D0ADF /* LaunchScreen.storyboard in Resources */ = {isa = PBXBuildFile; fileRef = 1D6FD5F8212607A7005D0ADF /* LaunchScreen.storyboard */; };
		1D6FD605212607A7005D0ADF /* BudTransactionsTests.swift in Sources */ = {isa = PBXBuildFile; fileRef = 1D6FD604212607A7005D0ADF /* BudTransactionsTests.swift */; };
/* End PBXBuildFile section */

/* Begin PBXContainerItemProxy section */
		1D6FD601212607A7005D0ADF /* PBXContainerItemProxy */ = {
			isa = PBXContainerItemProxy;
			containerPortal = 1D6FD5E4212607A5005D0ADF /* Project object */;
			proxyType = 1;
			remoteGlobalIDString = 1D6FD5EB212607A5005D0ADF;
			remoteInfo = BudTransactions;
		};
/* End PBXContainerItemProxy section */

/* Begin PBXFileReference section */
		1D6FD5EC212607A5005D0ADF /* BudTransactions.app */ = {isa = PBXFileReference; explicitFileType = wrapper.application; includeInIndex = 0; path = BudTransactions.app; sourceTree = BUILT_PRODUCTS_DIR; };
		1D6FD5EF212607A5005D0ADF /* AppDelegate.swift */ = {isa = PBXFileReference; lastKnownFileType = sourcecode.swift; path = AppDelegate.swift; sourceTree = "<group>"; };
		1D6FD5F1212607A5005D0ADF /* ViewController.swift */ = {isa = PBXFileReference; lastKnownFileType = sourcecode.swift; path = ViewController.swift; sourceTree = "<group>"; };
		1D6FD5F4212607A5005D0ADF /* Base */ = {isa = PBXFileReference; lastKnownFileType = file.storyboard; name = Base; path = Base.lproj/Main.storyboard; sourceTree = "<group>"; };
		1D6FD5F6212607A7005D0ADF /* Assets.xcassets */ = {isa = PBXFileReference; lastKnownFileType = folder.assetcatalog; path = Assets.xcassets; sourceTree = "<group>"; };
		1D6FD5F9212607A7005D0ADF /* Base */ = {isa = PBXFileReference; lastKnownFileType = file.storyboard; name = Base; path = Base.lproj/LaunchScreen.storyboard; sourceTree = "<group>"; };
		1D6FD5FB212607A7005D0ADF /* Info.plist */ = {isa = PBXFileReference; lastKnownFileType = text.plist.xml; path = Info.plist; sourceTree = "<group>"; };
		1D6FD600212607A7005D0ADF /* BudTransactionsTests.xctest */ = {isa = PBXFileReference; explicitFileType = wrapper.cfbundle; includeInIndex = 0; path = BudTransactionsTests.xctest; sourceTree = BUILT_PRODUCTS_DIR; };
		1D6FD604212607A7005D0ADF /* BudTransactionsTests.swift */ = {isa = PBXFileReference; lastKnownFileType = sourcecode.swift; path = BudTransactionsTests.swift; sourceTree = "<group>"; };
		1D6FD606212607A7005D0ADF /* Info.plist */ = {isa = PBXFileReference; lastKnownFileType = text.plist.xml; path = Info.plist; sourceTree = "<group>"; };
/* End PBXFileReference section */

/* Begin PBXFrameworksBuildPhase section */
		1D6FD5E9212607A5005D0ADF /* Frameworks */ = {
			isa = PBXFrameworksBuildPhase;
			buildActionMask = 2147483647;
			files = (
			);
			runOnlyForDeploymentPostprocessing = 0;
		};
		1D6FD5FD212607A7005D0ADF /* Frameworks */ = {
			isa = PBXFrameworksBuildPhase;
			buildActionMask = 2147483647;
			files = (
			);
			runOnlyForDeploymentPostprocessing = 0;
		};
/* End PBXFrameworksBuildPhase section */

/* Begin PBXGroup section */
		1D6FD5E3212607A5005D0ADF = {
			isa = PBXGroup;
			children = (
				1D6FD5EE212607A5005D0ADF /* BudTransactions */,
				1D6FD603212607A7005D0ADF /* BudTransactionsTests */,
				1D6FD5ED212607A5005D0ADF /* Products */,
			);
			sourceTree = "<group>";
		};
		1D6FD5ED212607A5005D0ADF /* Products */ = {
			isa = PBXGroup;
			children = (
				1D6FD5EC212607A5005D0ADF /* BudTransactions.app */,
				1D6FD600212607A7005D0ADF /* BudTransactionsTests.xctest */,
			);
			name = Products;
			sourceTree = "<group>";
		};
		1D6FD5EE212607A5005D0ADF /* BudTransactions */ = {
			isa = PBXGroup;
			children = (
				1D6FD5EF212607A5005D0ADF /* AppDelegate.swift */,
				1D6FD5F1212607A5005D0ADF /* ViewController.swift */,
				1D6FD5F3212607A5005D0ADF /* Main.storyboard */,
				1D6FD5F6212607A7005D0ADF /* Assets.xcassets */,
				1D6FD5F8212607A7005D0ADF /* LaunchScreen.storyboard */,
				1D6FD5FB212607A7005D0ADF /* Info.plist */,
			);
			path = BudTransactions;
			sourceTree = "<group>";
		};
		1D6FD603212607A7005D0ADF /* BudTransactionsTests */ = {
			isa = PBXGroup;
			children = (
				1D6FD604212607A7005D0ADF /* BudTransactionsTests.swift */,
				1D6FD606212607A7005D0ADF /* Info.plist */,
			);
			path = BudTransactionsTests;
			sourceTree = "<group>";
		};
/* End PBXGroup section */

/* Begin PBXNativeTarget section */
		1D6FD5EB212607A5005D0ADF /* BudTransactions */ = {
			isa = PBXNativeTarget;
			buildConfigurationList = 1D6FD609212607A7005D0ADF /* Build configuration list for PBXNativeTarget "BudTransactions" */;
			buildPhases = (
				1D6FD5E8212607A5005D0ADF /* Sources */,
				1D6FD5E9212607A5005D0ADF /* Frameworks */,
				1D6FD5EA212607A5005D0ADF /* Resources */,
			);
			buildRules = (
			);
			dependencies = (
			);
			name = BudTransactions;
			productName = BudTransactions;
			productReference = 1D6FD5EC212607A5005D0ADF /* BudTransactions.app */;
			productType = "com.apple.product-type.application";
		};
		1D6FD5FF212607A7005D0ADF /* BudTransactionsTests */ = {
			isa = PBXNativeTarget;
			buildConfigurationList = 1D6FD60C212607A7005D0ADF /* Build configuration list for PBXNativeTarget "BudTransactionsTests" */;
			buildPhases = (
				1D6FD5FC212607A7005D0ADF /* Sources */,
				1D6FD5FD212607A7005D0ADF /* Frameworks */,
				1D6FD5FE212607A7005D0ADF /* Resources */,
			);
			buildRules = (
			);
			dependencies = (
				1D6FD602212607A7005D0ADF /* PBXTargetDependency */,
			);
			name = BudTransactionsTests;
			productName = BudTransactionsTests;
			productReference = 1D6FD600212607A7005D0ADF /* BudTransactionsTests.xctest */;
			productType = "com.apple.product-type.bundle.unit-test";
		};
/* End PBXNativeTarget section */

/* Begin PBXProject section */
		1D6FD5E4212607A5005D0ADF /* Project object */ = {
			isa = PBXProject;
			attributes = {
				LastSwiftUpdateCheck = 0940;
				LastUpgradeCheck = 0940;
				ORGANIZATIONNAME = "Alessandro Manni";
				TargetAttributes = {
					1D6FD5EB212607A5005D0ADF = {
						CreatedOnToolsVersion = 9.4.1;
					};
					1D6FD5FF212607A7005D0ADF = {
						CreatedOnToolsVersion = 9.4.1;
						TestTargetID = 1D6FD5EB212607A5005D0ADF;
					};
				};
			};
			buildConfigurationList = 1D6FD5E7212607A5005D0ADF /* Build configuration list for PBXProject "BudTransactions" */;
			compatibilityVersion = "Xcode 9.3";
			developmentRegion = en;
			hasScannedForEncodings = 0;
			knownRegions = (
				en,
				Base,
			);
			mainGroup = 1D6FD5E3212607A5005D0ADF;
			productRefGroup = 1D6FD5ED212607A5005D0ADF /* Products */;
			projectDirPath = "";
			projectRoot = "";
			targets = (
				1D6FD5EB212607A5005D0ADF /* BudTransactions */,
				1D6FD5FF212607A7005D0ADF /* BudTransactionsTests */,
			);
		};
/* End PBXProject section */

/* Begin PBXResourcesBuildPhase section */
		1D6FD5EA212607A5005D0ADF /* Resources */ = {
			isa = PBXResourcesBuildPhase;
			buildActionMask = 2147483647;
			files = (
				1D6FD5FA212607A7005D0ADF /* LaunchScreen.storyboard in Resources */,
				1D6FD5F7212607A7005D0ADF /* Assets.xcassets in Resources */,
				1D6FD5F5212607A5005D0ADF /* Main.storyboard in Resources */,
			);
			runOnlyForDeploymentPostprocessing = 0;
		};
		1D6FD5FE212607A7005D0ADF /* Resources */ = {
			isa = PBXResourcesBuildPhase;
			buildActionMask = 2147483647;
			files = (
			);
			runOnlyForDeploymentPostprocessing = 0;
		};
/* End PBXResourcesBuildPhase section */

/* Begin PBXSourcesBuildPhase section */
		1D6FD5E8212607A5005D0ADF /* Sources */ = {
			isa = PBXSourcesBuildPhase;
			buildActionMask = 2147483647;
			files = (
				1D6FD5F2212607A5005D0ADF /* ViewController.swift in Sources */,
				1D6FD5F0212607A5005D0ADF /* AppDelegate.swift in Sources */,
			);
			runOnlyForDeploymentPostprocessing = 0;
		};
		1D6FD5FC212607A7005D0ADF /* Sources */ = {
			isa = PBXSourcesBuildPhase;
			buildActionMask = 2147483647;
			files = (
				1D6FD605212607A7005D0ADF /* BudTransactionsTests.swift in Sources */,
			);
			runOnlyForDeploymentPostprocessing = 0;
		};
/* End PBXSourcesBuildPhase section */

/* Begin PBXTargetDependency section */
		1D6FD602212607A7005D0ADF /* PBXTargetDependency */ = {
			isa = PBXTargetDependency;
			target = 1D6FD5EB212607A5005D0ADF /* BudTransactions */;
			targetProxy = 1D6FD601212607A7005D0ADF /* PBXContainerItemProxy */;
		};
/* End PBXTargetDependency section */

/* Begin PBXVariantGroup section */
		1D6FD5F3212607A5005D0ADF /* Main.storyboard */ = {
			isa = PBXVariantGroup;
			children = (
				1D6FD5F4212607A5005D0ADF /* Base */,
			);
			name = Main.storyboard;
			sourceTree = "<group>";
		};
		1D6FD5F8212607A7005D0ADF /* LaunchScreen.storyboard */ = {
			isa = PBXVariantGroup;
			children = (
				1D6FD5F9212607A7005D0ADF /* Base */,
			);
			name = LaunchScreen.storyboard;
			sourceTree = "<group>";
		};
/* End PBXVariantGroup section */

/* Begin XCBuildConfiguration section */
		1D6FD607212607A7005D0ADF /* Debug */ = {
			isa = XCBuildConfiguration;
			buildSettings = {
				ALWAYS_SEARCH_USER_PATHS = NO;
				CLANG_ANALYZER_NONNULL = YES;
				CLANG_ANALYZER_NUMBER_OBJECT_CONVERSION = YES_AGGRESSIVE;
				CLANG_CXX_LANGUAGE_STANDARD = "gnu++14";
				CLANG_CXX_LIBRARY = "libc++";
				CLANG_ENABLE_MODULES = YES;
				CLANG_ENABLE_OBJC_ARC = YES;
				CLANG_ENABLE_OBJC_WEAK = YES;
				CLANG_WARN_BLOCK_CAPTURE_AUTORELEASING = YES;
				CLANG_WARN_BOOL_CONVERSION = YES;
				CLANG_WARN_COMMA = YES;
				CLANG_WARN_CONSTANT_CONVERSION = YES;
				CLANG_WARN_DEPRECATED_OBJC_IMPLEMENTATIONS = YES;
				CLANG_WARN_DIRECT_OBJC_ISA_USAGE = YES_ERROR;
				CLANG_WARN_DOCUMENTATION_COMMENTS = YES;
				CLANG_WARN_EMPTY_BODY = YES;
				CLANG_WARN_ENUM_CONVERSION = YES;
				CLANG_WARN_INFINITE_RECURSION = YES;
				CLANG_WARN_INT_CONVERSION = YES;
				CLANG_WARN_NON_LITERAL_NULL_CONVERSION = YES;
				CLANG_WARN_OBJC_IMPLICIT_RETAIN_SELF = YES;
				CLANG_WARN_OBJC_LITERAL_CONVERSION = YES;
				CLANG_WARN_OBJC_ROOT_CLASS = YES_ERROR;
				CLANG_WARN_RANGE_LOOP_ANALYSIS = YES;
				CLANG_WARN_STRICT_PROTOTYPES = YES;
				CLANG_WARN_SUSPICIOUS_MOVE = YES;
				CLANG_WARN_UNGUARDED_AVAILABILITY = YES_AGGRESSIVE;
				CLANG_WARN_UNREACHABLE_CODE = YES;
				CLANG_WARN__DUPLICATE_METHOD_MATCH = YES;
				CODE_SIGN_IDENTITY = "iPhone Developer";
				COPY_PHASE_STRIP = NO;
				DEBUG_INFORMATION_FORMAT = dwarf;
				ENABLE_STRICT_OBJC_MSGSEND = YES;
				ENABLE_TESTABILITY = YES;
				GCC_C_LANGUAGE_STANDARD = gnu11;
				GCC_DYNAMIC_NO_PIC = NO;
				GCC_NO_COMMON_BLOCKS = YES;
				GCC_OPTIMIZATION_LEVEL = 0;
				GCC_PREPROCESSOR_DEFINITIONS = (
					"DEBUG=1",
					"$(inherited)",
				);
				GCC_WARN_64_TO_32_BIT_CONVERSION = YES;
				GCC_WARN_ABOUT_RETURN_TYPE = YES_ERROR;
				GCC_WARN_UNDECLARED_SELECTOR = YES;
				GCC_WARN_UNINITIALIZED_AUTOS = YES_AGGRESSIVE;
				GCC_WARN_UNUSED_FUNCTION = YES;
				GCC_WARN_UNUSED_VARIABLE = YES;
				IPHONEOS_DEPLOYMENT_TARGET = 11.4;
				MTL_ENABLE_DEBUG_INFO = YES;
				ONLY_ACTIVE_ARCH = YES;
				SDKROOT = iphoneos;
				SWIFT_ACTIVE_COMPILATION_CONDITIONS = DEBUG;
				SWIFT_OPTIMIZATION_LEVEL = "-Onone";
			};
			name = Debug;
		};
		1D6FD608212607A7005D0ADF /* Release */ = {
			isa = XCBuildConfiguration;
			buildSettings = {
				ALWAYS_SEARCH_USER_PATHS = NO;
				CLANG_ANALYZER_NONNULL = YES;
				CLANG_ANALYZER_NUMBER_OBJECT_CONVERSION = YES_AGGRESSIVE;
				CLANG_CXX_LANGUAGE_STANDARD = "gnu++14";
				CLANG_CXX_LIBRARY = "libc++";
				CLANG_ENABLE_MODULES = YES;
				CLANG_ENABLE_OBJC_ARC = YES;
				CLANG_ENABLE_OBJC_WEAK = YES;
				CLANG_WARN_BLOCK_CAPTURE_AUTORELEASING = YES;
				CLANG_WARN_BOOL_CONVERSION = YES;
				CLANG_WARN_COMMA = YES;
				CLANG_WARN_CONSTANT_CONVERSION = YES;
				CLANG_WARN_DEPRECATED_OBJC_IMPLEMENTATIONS = YES;
				CLANG_WARN_DIRECT_OBJC_ISA_USAGE = YES_ERROR;
				CLANG_WARN_DOCUMENTATION_COMMENTS = YES;
				CLANG_WARN_EMPTY_BODY = YES;
				CLANG_WARN_ENUM_CONVERSION = YES;
				CLANG_WARN_INFINITE_RECURSION = YES;
				CLANG_WARN_INT_CONVERSION = YES;
				CLANG_WARN_NON_LITERAL_NULL_CONVERSION = YES;
				CLANG_WARN_OBJC_IMPLICIT_RETAIN_SELF = YES;
				CLANG_WARN_OBJC_LITERAL_CONVERSION = YES;
				CLANG_WARN_OBJC_ROOT_CLASS = YES_ERROR;
				CLANG_WARN_RANGE_LOOP_ANALYSIS = YES;
				CLANG_WARN_STRICT_PROTOTYPES = YES;
				CLANG_WARN_SUSPICIOUS_MOVE = YES;
				CLANG_WARN_UNGUARDED_AVAILABILITY = YES_AGGRESSIVE;
				CLANG_WARN_UNREACHABLE_CODE = YES;
				CLANG_WARN__DUPLICATE_METHOD_MATCH = YES;
				CODE_SIGN_IDENTITY = "iPhone Developer";
				COPY_PHASE_STRIP = NO;
				DEBUG_INFORMATION_FORMAT = "dwarf-with-dsym";
				ENABLE_NS_ASSERTIONS = NO;
				ENABLE_STRICT_OBJC_MSGSEND = YES;
				GCC_C_LANGUAGE_STANDARD = gnu11;
				GCC_NO_COMMON_BLOCKS = YES;
				GCC_WARN_64_TO_32_BIT_CONVERSION = YES;
				GCC_WARN_ABOUT_RETURN_TYPE = YES_ERROR;
				GCC_WARN_UNDECLARED_SELECTOR = YES;
				GCC_WARN_UNINITIALIZED_AUTOS = YES_AGGRESSIVE;
				GCC_WARN_UNUSED_FUNCTION = YES;
				GCC_WARN_UNUSED_VARIABLE = YES;
				IPHONEOS_DEPLOYMENT_TARGET = 11.4;
				MTL_ENABLE_DEBUG_INFO = NO;
				SDKROOT = iphoneos;
				SWIFT_COMPILATION_MODE = wholemodule;
				SWIFT_OPTIMIZATION_LEVEL = "-O";
				VALIDATE_PRODUCT = YES;
			};
			name = Release;
		};
		1D6FD60A212607A7005D0ADF /* Debug */ = {
			isa = XCBuildConfiguration;
			buildSettings = {
				ASSETCATALOG_COMPILER_APPICON_NAME = AppIcon;
				CODE_SIGN_STYLE = Automatic;
				DEVELOPMENT_TEAM = DY95X747ZU;
				INFOPLIST_FILE = BudTransactions/Info.plist;
				LD_RUNPATH_SEARCH_PATHS = (
					"$(inherited)",
					"@executable_path/Frameworks",
				);
				PRODUCT_BUNDLE_IDENTIFIER = "info-alessandromanni.com.BudTransactions";
				PRODUCT_NAME = "$(TARGET_NAME)";
				SWIFT_VERSION = 4.0;
				TARGETED_DEVICE_FAMILY = "1,2";
			};
			name = Debug;
		};
		1D6FD60B212607A7005D0ADF /* Release */ = {
			isa = XCBuildConfiguration;
			buildSettings = {
				ASSETCATALOG_COMPILER_APPICON_NAME = AppIcon;
				CODE_SIGN_STYLE = Automatic;
				DEVELOPMENT_TEAM = DY95X747ZU;
				INFOPLIST_FILE = BudTransactions/Info.plist;
				LD_RUNPATH_SEARCH_PATHS = (
					"$(inherited)",
					"@executable_path/Frameworks",
				);
				PRODUCT_BUNDLE_IDENTIFIER = "info-alessandromanni.com.BudTransactions";
				PRODUCT_NAME = "$(TARGET_NAME)";
				SWIFT_VERSION = 4.0;
				TARGETED_DEVICE_FAMILY = "1,2";
			};
			name = Release;
		};
		1D6FD60D212607A7005D0ADF /* Debug */ = {
			isa = XCBuildConfiguration;
			buildSettings = {
				ALWAYS_EMBED_SWIFT_STANDARD_LIBRARIES = YES;
				BUNDLE_LOADER = "$(TEST_HOST)";
				CODE_SIGN_STYLE = Automatic;
				DEVELOPMENT_TEAM = DY95X747ZU;
				INFOPLIST_FILE = BudTransactionsTests/Info.plist;
				LD_RUNPATH_SEARCH_PATHS = (
					"$(inherited)",
					"@executable_path/Frameworks",
					"@loader_path/Frameworks",
				);
				PRODUCT_BUNDLE_IDENTIFIER = "info-alessandromanni.com.BudTransactionsTests";
				PRODUCT_NAME = "$(TARGET_NAME)";
				SWIFT_VERSION = 4.0;
				TARGETED_DEVICE_FAMILY = "1,2";
				TEST_HOST = "$(BUILT_PRODUCTS_DIR)/BudTransactions.app/BudTransactions";
			};
			name = Debug;
		};
		1D6FD60E212607A7005D0ADF /* Release */ = {
			isa = XCBuildConfiguration;
			buildSettings = {
				ALWAYS_EMBED_SWIFT_STANDARD_LIBRARIES = YES;
				BUNDLE_LOADER = "$(TEST_HOST)";
				CODE_SIGN_STYLE = Automatic;
				DEVELOPMENT_TEAM = DY95X747ZU;
				INFOPLIST_FILE = BudTransactionsTests/Info.plist;
				LD_RUNPATH_SEARCH_PATHS = (
					"$(inherited)",
					"@executable_path/Frameworks",
					"@loader_path/Frameworks",
				);
				PRODUCT_BUNDLE_IDENTIFIER = "info-alessandromanni.com.BudTransactionsTests";
				PRODUCT_NAME = "$(TARGET_NAME)";
				SWIFT_VERSION = 4.0;
				TARGETED_DEVICE_FAMILY = "1,2";
				TEST_HOST = "$(BUILT_PRODUCTS_DIR)/BudTransactions.app/BudTransactions";
			};
			name = Release;
		};
/* End XCBuildConfiguration section */

/* Begin XCConfigurationList section */
		1D6FD5E7212607A5005D0ADF /* Build configuration list for PBXProject "BudTransactions" */ = {
			isa = XCConfigurationList;
			buildConfigurations = (
				1D6FD607212607A7005D0ADF /* Debug */,
				1D6FD608212607A7005D0ADF /* Release */,
			);
			defaultConfigurationIsVisible = 0;
			defaultConfigurationName = Release;
		};
		1D6FD609212607A7005D0ADF /* Build configuration list for PBXNativeTarget "BudTransactions" */ = {
			isa = XCConfigurationList;
			buildConfigurations = (
				1D6FD60A212607A7005D0ADF /* Debug */,
				1D6FD60B212607A7005D0ADF /* Release */,
			);
			defaultConfigurationIsVisible = 0;
			defaultConfigurationName = Release;
		};
		1D6FD60C212607A7005D0ADF /* Build configuration list for PBXNativeTarget "BudTransactionsTests" */ = {
			isa = XCConfigurationList;
			buildConfigurations = (
				1D6FD60D212607A7005D0ADF /* Debug */,
				1D6FD60E212607A7005D0ADF /* Release */,
			);
			defaultConfigurationIsVisible = 0;
			defaultConfigurationName = Release;
		};
/* End XCConfigurationList section */
	};
	rootObject = 1D6FD5E4212607A5005D0ADF /* Project object */;
}
